
Microsoft Visual Studio Solution File, Format Version 12.00
# Visual Studio Version 17
VisualStudioVersion = 17.5.33516.290
MinimumVisualStudioVersion = 10.0.40219.1
Project("{FAE04EC0-301F-11D3-BF4B-00C04F79EFBC}") = "StrRobot.UWP", "StrRobot\StrRobot.UWP\StrRobot.UWP.csproj", "{1D82157A-7004-49AB-A5C9-FF533BAD7D3A}"
EndProject
Project("{FAE04EC0-301F-11D3-BF4B-00C04F79EFBC}") = "StrRobot.Android", "StrRobot\StrRobot.Android\StrRobot.Android.csproj", "{5F781480-687F-49D8-A793-37E189FB4520}"
EndProject
Project("{FAE04EC0-301F-11D3-BF4B-00C04F79EFBC}") = "StrRobot.iOS", "StrRobot\StrRobot.iOS\StrRobot.iOS.csproj", "{515158FE-EF7E-4AE0-BCAF-D09D04B4065B}"
EndProject
Project("{FAE04EC0-301F-11D3-BF4B-00C04F79EFBC}") = "StrRobot", "StrRobot\StrRobot\StrRobot.csproj", "{1C659800-9B85-44A8-9DDD-16B4980C1D45}"
EndProject
Global
	GlobalSection(SolutionConfigurationPlatforms) = preSolution
		Debug|Any CPU = Debug|Any CPU
		Debug|ARM = Debug|ARM
		Debug|iPhone = Debug|iPhone
		Debug|iPhoneSimulator = Debug|iPhoneSimulator
		Debug|x64 = Debug|x64
		Debug|x86 = Debug|x86
		Release|Any CPU = Release|Any CPU
		Release|ARM = Release|ARM
		Release|iPhone = Release|iPhone
		Release|iPhoneSimulator = Release|iPhoneSimulator
		Release|x64 = Release|x64
		Release|x86 = Release|x86
	EndGlobalSection
	GlobalSection(ProjectConfigurationPlatforms) = postSolution
		{1D82157A-7004-49AB-A5C9-FF533BAD7D3A}.Debug|Any CPU.ActiveCfg = Debug|x64
		{1D82157A-7004-49AB-A5C9-FF533BAD7D3A}.Debug|Any CPU.Build.0 = Debug|x64
		{1D82157A-7004-49AB-A5C9-FF533BAD7D3A}.Debug|Any CPU.Deploy.0 = Debug|x64
		{1D82157A-7004-49AB-A5C9-FF533BAD7D3A}.Debug|ARM.ActiveCfg = Debug|ARM
		{1D82157A-7004-49AB-A5C9-FF533BAD7D3A}.Debug|ARM.Build.0 = Debug|ARM
		{1D82157A-7004-49AB-A5C9-FF533BAD7D3A}.Debug|ARM.Deploy.0 = Debug|ARM
		{1D82157A-7004-49AB-A5C9-FF533BAD7D3A}.Debug|iPhone.ActiveCfg = Debug|x64
		{1D82157A-7004-49AB-A5C9-FF533BAD7D3A}.Debug|iPhone.Build.0 = Debug|x64
		{1D82157A-7004-49AB-A5C9-FF533BAD7D3A}.Debug|iPhone.Deploy.0 = Debug|x64
		{1D82157A-7004-49AB-A5C9-FF533BAD7D3A}.Debug|iPhoneSimulator.ActiveCfg = Debug|x64
		{1D82157A-7004-49AB-A5C9-FF533BAD7D3A}.Debug|iPhoneSimulator.Build.0 = Debug|x64
		{1D82157A-7004-49AB-A5C9-FF533BAD7D3A}.Debug|iPhoneSimulator.Deploy.0 = Debug|x64
		{1D82157A-7004-49AB-A5C9-FF533BAD7D3A}.Debug|x64.ActiveCfg = Debug|x64
		{1D82157A-7004-49AB-A5C9-FF533BAD7D3A}.Debug|x64.Build.0 = Debug|x64
		{1D82157A-7004-49AB-A5C9-FF533BAD7D3A}.Debug|x64.Deploy.0 = Debug|x64
		{1D82157A-7004-49AB-A5C9-FF533BAD7D3A}.Debug|x86.ActiveCfg = Debug|x86
		{1D82157A-7004-49AB-A5C9-FF533BAD7D3A}.Debug|x86.Build.0 = Debug|x86
		{1D82157A-7004-49AB-A5C9-FF533BAD7D3A}.Debug|x86.Deploy.0 = Debug|x86
		{1D82157A-7004-49AB-A5C9-FF533BAD7D3A}.Release|Any CPU.ActiveCfg = Release|x64
		{1D82157A-7004-49AB-A5C9-FF533BAD7D3A}.Release|Any CPU.Build.0 = Release|x64
		{1D82157A-7004-49AB-A5C9-FF533BAD7D3A}.Release|Any CPU.Deploy.0 = Release|x64
		{1D82157A-7004-49AB-A5C9-FF533BAD7D3A}.Release|ARM.ActiveCfg = Release|ARM
		{1D82157A-7004-49AB-A5C9-FF533BAD7D3A}.Release|ARM.Build.0 = Release|ARM
		{1D82157A-7004-49AB-A5C9-FF533BAD7D3A}.Release|ARM.Deploy.0 = Release|ARM
		{1D82157A-7004-49AB-A5C9-FF533BAD7D3A}.Release|iPhone.ActiveCfg = Release|x64
		{1D82157A-7004-49AB-A5C9-FF533BAD7D3A}.Release|iPhone.Build.0 = Release|x64
		{1D82157A-7004-49AB-A5C9-FF533BAD7D3A}.Release|iPhone.Deploy.0 = Release|x64
		{1D82157A-7004-49AB-A5C9-FF533BAD7D3A}.Release|iPhoneSimulator.ActiveCfg = Release|x64
		{1D82157A-7004-49AB-A5C9-FF533BAD7D3A}.Release|iPhoneSimulator.Build.0 = Release|x64
		{1D82157A-7004-49AB-A5C9-FF533BAD7D3A}.Release|iPhoneSimulator.Deploy.0 = Release|x64
		{1D82157A-7004-49AB-A5C9-FF533BAD7D3A}.Release|x64.ActiveCfg = Release|x64
		{1D82157A-7004-49AB-A5C9-FF533BAD7D3A}.Release|x64.Build.0 = Release|x64
		{1D82157A-7004-49AB-A5C9-FF533BAD7D3A}.Release|x64.Deploy.0 = Release|x64
		{1D82157A-7004-49AB-A5C9-FF533BAD7D3A}.Release|x86.ActiveCfg = Release|x86
		{1D82157A-7004-49AB-A5C9-FF533BAD7D3A}.Release|x86.Build.0 = Release|x86
		{1D82157A-7004-49AB-A5C9-FF533BAD7D3A}.Release|x86.Deploy.0 = Release|x86
		{5F781480-687F-49D8-A793-37E189FB4520}.Debug|Any CPU.ActiveCfg = Debug|Any CPU
		{5F781480-687F-49D8-A793-37E189FB4520}.Debug|Any CPU.Build.0 = Debug|Any CPU
		{5F781480-687F-49D8-A793-37E189FB4520}.Debug|Any CPU.Deploy.0 = Debug|Any CPU
		{5F781480-687F-49D8-A793-37E189FB4520}.Debug|ARM.ActiveCfg = Debug|Any CPU
		{5F781480-687F-49D8-A793-37E189FB4520}.Debug|ARM.Build.0 = Debug|Any CPU
		{5F781480-687F-49D8-A793-37E189FB4520}.Debug|ARM.Deploy.0 = Debug|Any CPU
		{5F781480-687F-49D8-A793-37E189FB4520}.Debug|iPhone.ActiveCfg = Debug|Any CPU
		{5F781480-687F-49D8-A793-37E189FB4520}.Debug|iPhone.Build.0 = Debug|Any CPU
		{5F781480-687F-49D8-A793-37E189FB4520}.Debug|iPhone.Deploy.0 = Debug|Any CPU
		{5F781480-687F-49D8-A793-37E189FB4520}.Debug|iPhoneSimulator.ActiveCfg = Debug|Any CPU
		{5F781480-687F-49D8-A793-37E189FB4520}.Debug|iPhoneSimulator.Build.0 = Debug|Any CPU
		{5F781480-687F-49D8-A793-37E189FB4520}.Debug|iPhoneSimulator.Deploy.0 = Debug|Any CPU
		{5F781480-687F-49D8-A793-37E189FB4520}.Debug|x64.ActiveCfg = Debug|Any CPU
		{5F781480-687F-49D8-A793-37E189FB4520}.Debug|x64.Build.0 = Debug|Any CPU
		{5F781480-687F-49D8-A793-37E189FB4520}.Debug|x64.Deploy.0 = Debug|Any CPU
		{5F781480-687F-49D8-A793-37E189FB4520}.Debug|x86.ActiveCfg = Debug|Any CPU
		{5F781480-687F-49D8-A793-37E189FB4520}.Debug|x86.Build.0 = Debug|Any CPU
		{5F781480-687F-49D8-A793-37E189FB4520}.Debug|x86.Deploy.0 = Debug|Any CPU
		{5F781480-687F-49D8-A793-37E189FB4520}.Release|Any CPU.ActiveCfg = Release|Any CPU
		{5F781480-687F-49D8-A793-37E189FB4520}.Release|Any CPU.Build.0 = Release|Any CPU
		{5F781480-687F-49D8-A793-37E189FB4520}.Release|Any CPU.Deploy.0 = Release|Any CPU
		{5F781480-687F-49D8-A793-37E189FB4520}.Release|ARM.ActiveCfg = Release|Any CPU
		{5F781480-687F-49D8-A793-37E189FB4520}.Release|ARM.Build.0 = Release|Any CPU
		{5F781480-687F-49D8-A793-37E189FB4520}.Release|ARM.Deploy.0 = Release|Any CPU
		{5F781480-687F-49D8-A793-37E189FB4520}.Release|iPhone.ActiveCfg = Release|Any CPU
		{5F781480-687F-49D8-A793-37E189FB4520}.Release|iPhone.Build.0 = Release|Any CPU
		{5F781480-687F-49D8-A793-37E189FB4520}.Release|iPhone.Deploy.0 = Release|Any CPU
		{5F781480-687F-49D8-A793-37E189FB4520}.Release|iPhoneSimulator.ActiveCfg = Release|Any CPU
		{5F781480-687F-49D8-A793-37E189FB4520}.Release|iPhoneSimulator.Build.0 = Release|Any CPU
		{5F781480-687F-49D8-A793-37E189FB4520}.Release|iPhoneSimulator.Deploy.0 = Release|Any CPU
		{5F781480-687F-49D8-A793-37E189FB4520}.Release|x64.ActiveCfg = Release|Any CPU
		{5F781480-687F-49D8-A793-37E189FB4520}.Release|x64.Build.0 = Release|Any CPU
		{5F781480-687F-49D8-A793-37E189FB4520}.Release|x64.Deploy.0 = Release|Any CPU
		{5F781480-687F-49D8-A793-37E189FB4520}.Release|x86.ActiveCfg = Release|Any CPU
		{5F781480-687F-49D8-A793-37E189FB4520}.Release|x86.Build.0 = Release|Any CPU
		{5F781480-687F-49D8-A793-37E189FB4520}.Release|x86.Deploy.0 = Release|Any CPU
		{515158FE-EF7E-4AE0-BCAF-D09D04B4065B}.Debug|Any CPU.ActiveCfg = Debug|iPhoneSimulator
		{515158FE-EF7E-4AE0-BCAF-D09D04B4065B}.Debug|Any CPU.Build.0 = Debug|iPhoneSimulator
		{515158FE-EF7E-4AE0-BCAF-D09D04B4065B}.Debug|Any CPU.Deploy.0 = Debug|iPhoneSimulator
		{515158FE-EF7E-4AE0-BCAF-D09D04B4065B}.Debug|ARM.ActiveCfg = Debug|iPhoneSimulator
		{515158FE-EF7E-4AE0-BCAF-D09D04B4065B}.Debug|ARM.Build.0 = Debug|iPhoneSimulator
		{515158FE-EF7E-4AE0-BCAF-D09D04B4065B}.Debug|ARM.Deploy.0 = Debug|iPhoneSimulator
		{515158FE-EF7E-4AE0-BCAF-D09D04B4065B}.Debug|iPhone.ActiveCfg = Debug|iPhone
		{515158FE-EF7E-4AE0-BCAF-D09D04B4065B}.Debug|iPhone.Build.0 = Debug|iPhone
		{515158FE-EF7E-4AE0-BCAF-D09D04B4065B}.Debug|iPhone.Deploy.0 = Debug|iPhone
		{515158FE-EF7E-4AE0-BCAF-D09D04B4065B}.Debug|iPhoneSimulator.ActiveCfg = Debug|iPhoneSimulator
		{515158FE-EF7E-4AE0-BCAF-D09D04B4065B}.Debug|iPhoneSimulator.Build.0 = Debug|iPhoneSimulator
		{515158FE-EF7E-4AE0-BCAF-D09D04B4065B}.Debug|iPhoneSimulator.Deploy.0 = Debug|iPhoneSimulator
		{515158FE-EF7E-4AE0-BCAF-D09D04B4065B}.Debug|x64.ActiveCfg = Debug|iPhone
		{515158FE-EF7E-4AE0-BCAF-D09D04B4065B}.Debug|x64.Build.0 = Debug|iPhone
		{515158FE-EF7E-4AE0-BCAF-D09D04B4065B}.Debug|x64.Deploy.0 = Debug|iPhone
		{515158FE-EF7E-4AE0-BCAF-D09D04B4065B}.Debug|x86.ActiveCfg = Debug|iPhoneSimulator
		{515158FE-EF7E-4AE0-BCAF-D09D04B4065B}.Debug|x86.Build.0 = Debug|iPhoneSimulator
		{515158FE-EF7E-4AE0-BCAF-D09D04B4065B}.Debug|x86.Deploy.0 = Debug|iPhoneSimulator
		{515158FE-EF7E-4AE0-BCAF-D09D04B4065B}.Release|Any CPU.ActiveCfg = Release|iPhoneSimulator
		{515158FE-EF7E-4AE0-BCAF-D09D04B4065B}.Release|Any CPU.Build.0 = Release|iPhoneSimulator
		{515158FE-EF7E-4AE0-BCAF-D09D04B4065B}.Release|Any CPU.Deploy.0 = Release|iPhoneSimulator
		{515158FE-EF7E-4AE0-BCAF-D09D04B4065B}.Release|ARM.ActiveCfg = Release|iPhoneSimulator
		{515158FE-EF7E-4AE0-BCAF-D09D04B4065B}.Release|ARM.Build.0 = Release|iPhoneSimulator
		{515158FE-EF7E-4AE0-BCAF-D09D04B4065B}.Release|ARM.Deploy.0 = Release|iPhoneSimulator
		{515158FE-EF7E-4AE0-BCAF-D09D04B4065B}.Release|iPhone.ActiveCfg = Release|iPhone
		{515158FE-EF7E-4AE0-BCAF-D09D04B4065B}.Release|iPhone.Build.0 = Release|iPhone
		{515158FE-EF7E-4AE0-BCAF-D09D04B4065B}.Release|iPhone.Deploy.0 = Release|iPhone
		{515158FE-EF7E-4AE0-BCAF-D09D04B4065B}.Release|iPhoneSimulator.ActiveCfg = Release|iPhoneSimulator
		{515158FE-EF7E-4AE0-BCAF-D09D04B4065B}.Release|iPhoneSimulator.Build.0 = Release|iPhoneSimulator
		{515158FE-EF7E-4AE0-BCAF-D09D04B4065B}.Release|iPhoneSimulator.Deploy.0 = Release|iPhoneSimulator
		{515158FE-EF7E-4AE0-BCAF-D09D04B4065B}.Release|x64.ActiveCfg = Release|iPhoneSimulator
		{515158FE-EF7E-4AE0-BCAF-D09D04B4065B}.Release|x64.Build.0 = Release|iPhoneSimulator
		{515158FE-EF7E-4AE0-BCAF-D09D04B4065B}.Release|x64.Deploy.0 = Release|iPhoneSimulator
		{515158FE-EF7E-4AE0-BCAF-D09D04B4065B}.Release|x86.ActiveCfg = Release|iPhoneSimulator
		{515158FE-EF7E-4AE0-BCAF-D09D04B4065B}.Release|x86.Build.0 = Release|iPhoneSimulator
		{515158FE-EF7E-4AE0-BCAF-D09D04B4065B}.Release|x86.Deploy.0 = Release|iPhoneSimulator
		{1C659800-9B85-44A8-9DDD-16B4980C1D45}.Debug|Any CPU.ActiveCfg = Debug|Any CPU
		{1C659800-9B85-44A8-9DDD-16B4980C1D45}.Debug|Any CPU.Build.0 = Debug|Any CPU
		{1C659800-9B85-44A8-9DDD-16B4980C1D45}.Debug|Any CPU.Deploy.0 = Debug|Any CPU
		{1C659800-9B85-44A8-9DDD-16B4980C1D45}.Debug|ARM.ActiveCfg = Debug|Any CPU
		{1C659800-9B85-44A8-9DDD-16B4980C1D45}.Debug|ARM.Build.0 = Debug|Any CPU
		{1C659800-9B85-44A8-9DDD-16B4980C1D45}.Debug|ARM.Deploy.0 = Debug|Any CPU
		{1C659800-9B85-44A8-9DDD-16B4980C1D45}.Debug|iPhone.ActiveCfg = Debug|Any CPU
		{1C659800-9B85-44A8-9DDD-16B4980C1D45}.Debug|iPhone.Build.0 = Debug|Any CPU
		{1C659800-9B85-44A8-9DDD-16B4980C1D45}.Debug|iPhone.Deploy.0 = Debug|Any CPU
		{1C659800-9B85-44A8-9DDD-16B4980C1D45}.Debug|iPhoneSimulator.ActiveCfg = Debug|Any CPU
		{1C659800-9B85-44A8-9DDD-16B4980C1D45}.Debug|iPhoneSimulator.Build.0 = Debug|Any CPU
		{1C659800-9B85-44A8-9DDD-16B4980C1D45}.Debug|iPhoneSimulator.Deploy.0 = Debug|Any CPU
		{1C659800-9B85-44A8-9DDD-16B4980C1D45}.Debug|x64.ActiveCfg = Debug|Any CPU
		{1C659800-9B85-44A8-9DDD-16B4980C1D45}.Debug|x64.Build.0 = Debug|Any CPU
		{1C659800-9B85-44A8-9DDD-16B4980C1D45}.Debug|x64.Deploy.0 = Debug|Any CPU
		{1C659800-9B85-44A8-9DDD-16B4980C1D45}.Debug|x86.ActiveCfg = Debug|Any CPU
		{1C659800-9B85-44A8-9DDD-16B4980C1D45}.Debug|x86.Build.0 = Debug|Any CPU
		{1C659800-9B85-44A8-9DDD-16B4980C1D45}.Debug|x86.Deploy.0 = Debug|Any CPU
		{1C659800-9B85-44A8-9DDD-16B4980C1D45}.Release|Any CPU.ActiveCfg = Release|Any CPU
		{1C659800-9B85-44A8-9DDD-16B4980C1D45}.Release|Any CPU.Build.0 = Release|Any CPU
		{1C659800-9B85-44A8-9DDD-16B4980C1D45}.Release|Any CPU.Deploy.0 = Release|Any CPU
		{1C659800-9B85-44A8-9DDD-16B4980C1D45}.Release|ARM.ActiveCfg = Release|Any CPU
		{1C659800-9B85-44A8-9DDD-16B4980C1D45}.Release|ARM.Build.0 = Release|Any CPU
		{1C659800-9B85-44A8-9DDD-16B4980C1D45}.Release|ARM.Deploy.0 = Release|Any CPU
		{1C659800-9B85-44A8-9DDD-16B4980C1D45}.Release|iPhone.ActiveCfg = Release|Any CPU
		{1C659800-9B85-44A8-9DDD-16B4980C1D45}.Release|iPhone.Build.0 = Release|Any CPU
		{1C659800-9B85-44A8-9DDD-16B4980C1D45}.Release|iPhone.Deploy.0 = Release|Any CPU
		{1C659800-9B85-44A8-9DDD-16B4980C1D45}.Release|iPhoneSimulator.ActiveCfg = Release|Any CPU
		{1C659800-9B85-44A8-9DDD-16B4980C1D45}.Release|iPhoneSimulator.Build.0 = Release|Any CPU
		{1C659800-9B85-44A8-9DDD-16B4980C1D45}.Release|iPhoneSimulator.Deploy.0 = Release|Any CPU
		{1C659800-9B85-44A8-9DDD-16B4980C1D45}.Release|x64.ActiveCfg = Release|Any CPU
		{1C659800-9B85-44A8-9DDD-16B4980C1D45}.Release|x64.Build.0 = Release|Any CPU
		{1C659800-9B85-44A8-9DDD-16B4980C1D45}.Release|x64.Deploy.0 = Release|Any CPU
		{1C659800-9B85-44A8-9DDD-16B4980C1D45}.Release|x86.ActiveCfg = Release|Any CPU
		{1C659800-9B85-44A8-9DDD-16B4980C1D45}.Release|x86.Build.0 = Release|Any CPU
		{1C659800-9B85-44A8-9DDD-16B4980C1D45}.Release|x86.Deploy.0 = Release|Any CPU
	EndGlobalSection
	GlobalSection(SolutionProperties) = preSolution
		HideSolutionNode = FALSE
	EndGlobalSection
	GlobalSection(ExtensibilityGlobals) = postSolution
		SolutionGuid = {D8178790-86B9-4040-B3A0-1E99FE329F07}
	EndGlobalSection
EndGlobal
